
Microsoft Visual Studio Solution File, Format Version 12.00
# Visual Studio Version 17
VisualStudioVersion = 17.8.34309.116
MinimumVisualStudioVersion = 10.0.40219.1
Project("{FAE04EC0-301F-11D3-BF4B-00C04F79EFBC}") = "MinimalAPI", "MinimalAPI\MinimalAPI.csproj", "{3C16D299-2E24-49ED-8A58-144787E1E7FB}"
EndProject
Global
	GlobalSection(SolutionConfigurationPlatforms) = preSolution
		Debug|Any CPU = Debug|Any CPU
		Release|Any CPU = Release|Any CPU
	EndGlobalSection
	GlobalSection(ProjectConfigurationPlatforms) = postSolution
		{3C16D299-2E24-49ED-8A58-144787E1E7FB}.Debug|Any CPU.ActiveCfg = Debug|Any CPU
		{3C16D299-2E24-49ED-8A58-144787E1E7FB}.Debug|Any CPU.Build.0 = Debug|Any CPU
		{3C16D299-2E24-49ED-8A58-144787E1E7FB}.Release|Any CPU.ActiveCfg = Release|Any CPU
		{3C16D299-2E24-49ED-8A58-144787E1E7FB}.Release|Any CPU.Build.0 = Release|Any CPU
	EndGlobalSection
	GlobalSection(SolutionProperties) = preSolution
		HideSolutionNode = FALSE
	EndGlobalSection
	GlobalSection(ExtensibilityGlobals) = postSolution
		SolutionGuid = {E4AED1EE-943B-4CCD-A46F-7A4ACB4A43DB}
	EndGlobalSection
EndGlobal
